
Microsoft Visual Studio Solution File, Format Version 12.00
# Visual Studio Version 17
VisualStudioVersion = 17.11.35327.3
MinimumVisualStudioVersion = 10.0.40219.1
Project("{FAE04EC0-301F-11D3-BF4B-00C04F79EFBC}") = "CareNet_System", "CareNet_System.csproj", "{FB969076-EB83-453C-AF71-141DBE5498E1}"
EndProject
Global
	GlobalSection(SolutionConfigurationPlatforms) = preSolution
		Debug|Any CPU = Debug|Any CPU
		Release|Any CPU = Release|Any CPU
	EndGlobalSection
	GlobalSection(ProjectConfigurationPlatforms) = postSolution
		{FB969076-EB83-453C-AF71-141DBE5498E1}.Debug|Any CPU.ActiveCfg = Debug|Any CPU
		{FB969076-EB83-453C-AF71-141DBE5498E1}.Debug|Any CPU.Build.0 = Debug|Any CPU
		{FB969076-EB83-453C-AF71-141DBE5498E1}.Release|Any CPU.ActiveCfg = Release|Any CPU
		{FB969076-EB83-453C-AF71-141DBE5498E1}.Release|Any CPU.Build.0 = Release|Any CPU
	EndGlobalSection
	GlobalSection(SolutionProperties) = preSolution
		HideSolutionNode = FALSE
	EndGlobalSection
	GlobalSection(ExtensibilityGlobals) = postSolution
		SolutionGuid = {7C963AD7-DFC4-4F91-8ED2-7D029A2F49AB}
	EndGlobalSection
EndGlobal
